
Microsoft Visual Studio Solution File, Format Version 12.00
# Visual Studio Version 16
VisualStudioVersion = 16.0.31729.503
MinimumVisualStudioVersion = 10.0.40219.1
Project("{FAE04EC0-301F-11D3-BF4B-00C04F79EFBC}") = "Word search app", "Word search app\Word search app.csproj", "{5D4FC45B-99E5-40BA-9C47-AA20E108D38E}"
EndProject
Project("{FAE04EC0-301F-11D3-BF4B-00C04F79EFBC}") = "Word search library", "Word search library\Word search library.csproj", "{812CDC83-6D55-43E8-9337-EAF65856A033}"
EndProject
Global
	GlobalSection(SolutionConfigurationPlatforms) = preSolution
		Debug|Any CPU = Debug|Any CPU
		Release|Any CPU = Release|Any CPU
	EndGlobalSection
	GlobalSection(ProjectConfigurationPlatforms) = postSolution
		{5D4FC45B-99E5-40BA-9C47-AA20E108D38E}.Debug|Any CPU.ActiveCfg = Debug|Any CPU
		{5D4FC45B-99E5-40BA-9C47-AA20E108D38E}.Debug|Any CPU.Build.0 = Debug|Any CPU
		{5D4FC45B-99E5-40BA-9C47-AA20E108D38E}.Release|Any CPU.ActiveCfg = Release|Any CPU
		{5D4FC45B-99E5-40BA-9C47-AA20E108D38E}.Release|Any CPU.Build.0 = Release|Any CPU
		{812CDC83-6D55-43E8-9337-EAF65856A033}.Debug|Any CPU.ActiveCfg = Debug|Any CPU
		{812CDC83-6D55-43E8-9337-EAF65856A033}.Debug|Any CPU.Build.0 = Debug|Any CPU
		{812CDC83-6D55-43E8-9337-EAF65856A033}.Release|Any CPU.ActiveCfg = Release|Any CPU
		{812CDC83-6D55-43E8-9337-EAF65856A033}.Release|Any CPU.Build.0 = Release|Any CPU
	EndGlobalSection
	GlobalSection(SolutionProperties) = preSolution
		HideSolutionNode = FALSE
	EndGlobalSection
	GlobalSection(ExtensibilityGlobals) = postSolution
		SolutionGuid = {B6AACAA4-D168-45E5-B300-E2D4A4A57C58}
	EndGlobalSection
EndGlobal
